
Microsoft Visual Studio Solution File, Format Version 12.00
# Visual Studio 14
VisualStudioVersion = 14.0.25123.0
MinimumVisualStudioVersion = 10.0.40219.1
Project("{FAE04EC0-301F-11D3-BF4B-00C04F79EFBC}") = "XamarinFormsPortable.Droid", "XamarinFormsPortable.Droid\XamarinFormsPortable.Droid.csproj", "{07294608-7F36-4D5D-A427-659F2C108C1D}"
EndProject
Project("{FAE04EC0-301F-11D3-BF4B-00C04F79EFBC}") = "XamarinFormsPortable.iOS", "XamarinFormsPortable.iOS\XamarinFormsPortable.iOS.csproj", "{F290729F-72D5-462E-910F-DCBA74E42CC7}"
EndProject
Project("{FAE04EC0-301F-11D3-BF4B-00C04F79EFBC}") = "XamarinFormsPortable", "XamarinFormsPortable\XamarinFormsPortable.csproj", "{B08A98EA-3E3F-4BAC-B47D-92A963999850}"
EndProject
Global
	GlobalSection(SolutionConfigurationPlatforms) = preSolution
		Ad-Hoc|Any CPU = Ad-Hoc|Any CPU
		Ad-Hoc|iPhone = Ad-Hoc|iPhone
		Ad-Hoc|iPhoneSimulator = Ad-Hoc|iPhoneSimulator
		AppStore|Any CPU = AppStore|Any CPU
		AppStore|iPhone = AppStore|iPhone
		AppStore|iPhoneSimulator = AppStore|iPhoneSimulator
		Debug|Any CPU = Debug|Any CPU
		Debug|iPhone = Debug|iPhone
		Debug|iPhoneSimulator = Debug|iPhoneSimulator
		Release|Any CPU = Release|Any CPU
		Release|iPhone = Release|iPhone
		Release|iPhoneSimulator = Release|iPhoneSimulator
	EndGlobalSection
	GlobalSection(ProjectConfigurationPlatforms) = postSolution
		{6F5F087D-DFC8-4294-80C4-0D7A62A32922}.Ad-Hoc|Any CPU.ActiveCfg = Release|Any CPU
		{6F5F087D-DFC8-4294-80C4-0D7A62A32922}.Ad-Hoc|Any CPU.Build.0 = Release|Any CPU
		{6F5F087D-DFC8-4294-80C4-0D7A62A32922}.Ad-Hoc|iPhone.ActiveCfg = Release|Any CPU
		{6F5F087D-DFC8-4294-80C4-0D7A62A32922}.Ad-Hoc|iPhone.Build.0 = Release|Any CPU
		{6F5F087D-DFC8-4294-80C4-0D7A62A32922}.Ad-Hoc|iPhoneSimulator.ActiveCfg = Release|Any CPU
		{6F5F087D-DFC8-4294-80C4-0D7A62A32922}.Ad-Hoc|iPhoneSimulator.Build.0 = Release|Any CPU
		{6F5F087D-DFC8-4294-80C4-0D7A62A32922}.AppStore|Any CPU.ActiveCfg = Release|Any CPU
		{6F5F087D-DFC8-4294-80C4-0D7A62A32922}.AppStore|Any CPU.Build.0 = Release|Any CPU
		{6F5F087D-DFC8-4294-80C4-0D7A62A32922}.AppStore|iPhone.ActiveCfg = Release|Any CPU
		{6F5F087D-DFC8-4294-80C4-0D7A62A32922}.AppStore|iPhone.Build.0 = Release|Any CPU
		{6F5F087D-DFC8-4294-80C4-0D7A62A32922}.AppStore|iPhoneSimulator.ActiveCfg = Release|Any CPU
		{6F5F087D-DFC8-4294-80C4-0D7A62A32922}.AppStore|iPhoneSimulator.Build.0 = Release|Any CPU
		{6F5F087D-DFC8-4294-80C4-0D7A62A32922}.Debug|Any CPU.ActiveCfg = Debug|Any CPU
		{6F5F087D-DFC8-4294-80C4-0D7A62A32922}.Debug|Any CPU.Build.0 = Debug|Any CPU
		{6F5F087D-DFC8-4294-80C4-0D7A62A32922}.Debug|iPhone.ActiveCfg = Debug|Any CPU
		{6F5F087D-DFC8-4294-80C4-0D7A62A32922}.Debug|iPhone.Build.0 = Debug|Any CPU
		{6F5F087D-DFC8-4294-80C4-0D7A62A32922}.Debug|iPhoneSimulator.ActiveCfg = Debug|Any CPU
		{6F5F087D-DFC8-4294-80C4-0D7A62A32922}.Debug|iPhoneSimulator.Build.0 = Debug|Any CPU
		{6F5F087D-DFC8-4294-80C4-0D7A62A32922}.Release|Any CPU.ActiveCfg = Release|Any CPU
		{6F5F087D-DFC8-4294-80C4-0D7A62A32922}.Release|Any CPU.Build.0 = Release|Any CPU
		{6F5F087D-DFC8-4294-80C4-0D7A62A32922}.Release|iPhone.ActiveCfg = Release|Any CPU
		{6F5F087D-DFC8-4294-80C4-0D7A62A32922}.Release|iPhone.Build.0 = Release|Any CPU
		{6F5F087D-DFC8-4294-80C4-0D7A62A32922}.Release|iPhoneSimulator.ActiveCfg = Release|Any CPU
		{6F5F087D-DFC8-4294-80C4-0D7A62A32922}.Release|iPhoneSimulator.Build.0 = Release|Any CPU
		{D75A4522-F730-4AFD-9ABE-AA1A6239710B}.Ad-Hoc|Any CPU.ActiveCfg = Release|Any CPU
		{D75A4522-F730-4AFD-9ABE-AA1A6239710B}.Ad-Hoc|Any CPU.Build.0 = Release|Any CPU
		{D75A4522-F730-4AFD-9ABE-AA1A6239710B}.Ad-Hoc|iPhone.ActiveCfg = Release|Any CPU
		{D75A4522-F730-4AFD-9ABE-AA1A6239710B}.Ad-Hoc|iPhone.Build.0 = Release|Any CPU
		{D75A4522-F730-4AFD-9ABE-AA1A6239710B}.Ad-Hoc|iPhoneSimulator.ActiveCfg = Release|Any CPU
		{D75A4522-F730-4AFD-9ABE-AA1A6239710B}.Ad-Hoc|iPhoneSimulator.Build.0 = Release|Any CPU
		{D75A4522-F730-4AFD-9ABE-AA1A6239710B}.AppStore|Any CPU.ActiveCfg = Release|Any CPU
		{D75A4522-F730-4AFD-9ABE-AA1A6239710B}.AppStore|Any CPU.Build.0 = Release|Any CPU
		{D75A4522-F730-4AFD-9ABE-AA1A6239710B}.AppStore|iPhone.ActiveCfg = Release|Any CPU
		{D75A4522-F730-4AFD-9ABE-AA1A6239710B}.AppStore|iPhone.Build.0 = Release|Any CPU
		{D75A4522-F730-4AFD-9ABE-AA1A6239710B}.AppStore|iPhoneSimulator.ActiveCfg = Release|Any CPU
		{D75A4522-F730-4AFD-9ABE-AA1A6239710B}.AppStore|iPhoneSimulator.Build.0 = Release|Any CPU
		{D75A4522-F730-4AFD-9ABE-AA1A6239710B}.Debug|Any CPU.ActiveCfg = Debug|Any CPU
		{D75A4522-F730-4AFD-9ABE-AA1A6239710B}.Debug|Any CPU.Build.0 = Debug|Any CPU
		{D75A4522-F730-4AFD-9ABE-AA1A6239710B}.Debug|iPhone.ActiveCfg = Debug|Any CPU
		{D75A4522-F730-4AFD-9ABE-AA1A6239710B}.Debug|iPhone.Build.0 = Debug|Any CPU
		{D75A4522-F730-4AFD-9ABE-AA1A6239710B}.Debug|iPhoneSimulator.ActiveCfg = Debug|Any CPU
		{D75A4522-F730-4AFD-9ABE-AA1A6239710B}.Debug|iPhoneSimulator.Build.0 = Debug|Any CPU
		{D75A4522-F730-4AFD-9ABE-AA1A6239710B}.Release|Any CPU.ActiveCfg = Release|Any CPU
		{D75A4522-F730-4AFD-9ABE-AA1A6239710B}.Release|Any CPU.Build.0 = Release|Any CPU
		{D75A4522-F730-4AFD-9ABE-AA1A6239710B}.Release|iPhone.ActiveCfg = Release|Any CPU
		{D75A4522-F730-4AFD-9ABE-AA1A6239710B}.Release|iPhone.Build.0 = Release|Any CPU
		{D75A4522-F730-4AFD-9ABE-AA1A6239710B}.Release|iPhoneSimulator.ActiveCfg = Release|Any CPU
		{D75A4522-F730-4AFD-9ABE-AA1A6239710B}.Release|iPhoneSimulator.Build.0 = Release|Any CPU
		{E0552043-BC04-476F-B938-C2883D71FB7B}.Ad-Hoc|Any CPU.ActiveCfg = Release|Any CPU
		{E0552043-BC04-476F-B938-C2883D71FB7B}.Ad-Hoc|Any CPU.Build.0 = Release|Any CPU
		{E0552043-BC04-476F-B938-C2883D71FB7B}.Ad-Hoc|Any CPU.Deploy.0 = Release|Any CPU
		{E0552043-BC04-476F-B938-C2883D71FB7B}.Ad-Hoc|iPhone.ActiveCfg = Release|Any CPU
		{E0552043-BC04-476F-B938-C2883D71FB7B}.Ad-Hoc|iPhone.Build.0 = Release|Any CPU
		{E0552043-BC04-476F-B938-C2883D71FB7B}.Ad-Hoc|iPhone.Deploy.0 = Release|Any CPU
		{E0552043-BC04-476F-B938-C2883D71FB7B}.Ad-Hoc|iPhoneSimulator.ActiveCfg = Release|Any CPU
		{E0552043-BC04-476F-B938-C2883D71FB7B}.Ad-Hoc|iPhoneSimulator.Build.0 = Release|Any CPU
		{E0552043-BC04-476F-B938-C2883D71FB7B}.Ad-Hoc|iPhoneSimulator.Deploy.0 = Release|Any CPU
		{E0552043-BC04-476F-B938-C2883D71FB7B}.AppStore|Any CPU.ActiveCfg = Release|Any CPU
		{E0552043-BC04-476F-B938-C2883D71FB7B}.AppStore|Any CPU.Build.0 = Release|Any CPU
		{E0552043-BC04-476F-B938-C2883D71FB7B}.AppStore|Any CPU.Deploy.0 = Release|Any CPU
		{E0552043-BC04-476F-B938-C2883D71FB7B}.AppStore|iPhone.ActiveCfg = Release|Any CPU
		{E0552043-BC04-476F-B938-C2883D71FB7B}.AppStore|iPhone.Build.0 = Release|Any CPU
		{E0552043-BC04-476F-B938-C2883D71FB7B}.AppStore|iPhone.Deploy.0 = Release|Any CPU
		{E0552043-BC04-476F-B938-C2883D71FB7B}.AppStore|iPhoneSimulator.ActiveCfg = Release|Any CPU
		{E0552043-BC04-476F-B938-C2883D71FB7B}.AppStore|iPhoneSimulator.Build.0 = Release|Any CPU
		{E0552043-BC04-476F-B938-C2883D71FB7B}.AppStore|iPhoneSimulator.Deploy.0 = Release|Any CPU
		{E0552043-BC04-476F-B938-C2883D71FB7B}.Debug|Any CPU.ActiveCfg = Debug|Any CPU
		{E0552043-BC04-476F-B938-C2883D71FB7B}.Debug|Any CPU.Build.0 = Debug|Any CPU
		{E0552043-BC04-476F-B938-C2883D71FB7B}.Debug|Any CPU.Deploy.0 = Debug|Any CPU
		{E0552043-BC04-476F-B938-C2883D71FB7B}.Debug|iPhone.ActiveCfg = Debug|Any CPU
		{E0552043-BC04-476F-B938-C2883D71FB7B}.Debug|iPhone.Build.0 = Debug|Any CPU
		{E0552043-BC04-476F-B938-C2883D71FB7B}.Debug|iPhone.Deploy.0 = Debug|Any CPU
		{E0552043-BC04-476F-B938-C2883D71FB7B}.Debug|iPhoneSimulator.ActiveCfg = Debug|Any CPU
		{E0552043-BC04-476F-B938-C2883D71FB7B}.Debug|iPhoneSimulator.Build.0 = Debug|Any CPU
		{E0552043-BC04-476F-B938-C2883D71FB7B}.Debug|iPhoneSimulator.Deploy.0 = Debug|Any CPU
		{E0552043-BC04-476F-B938-C2883D71FB7B}.Release|Any CPU.ActiveCfg = Release|Any CPU
		{E0552043-BC04-476F-B938-C2883D71FB7B}.Release|Any CPU.Build.0 = Release|Any CPU
		{E0552043-BC04-476F-B938-C2883D71FB7B}.Release|Any CPU.Deploy.0 = Release|Any CPU
		{E0552043-BC04-476F-B938-C2883D71FB7B}.Release|iPhone.ActiveCfg = Release|Any CPU
		{E0552043-BC04-476F-B938-C2883D71FB7B}.Release|iPhone.Build.0 = Release|Any CPU
		{E0552043-BC04-476F-B938-C2883D71FB7B}.Release|iPhone.Deploy.0 = Release|Any CPU
		{E0552043-BC04-476F-B938-C2883D71FB7B}.Release|iPhoneSimulator.ActiveCfg = Release|Any CPU
		{E0552043-BC04-476F-B938-C2883D71FB7B}.Release|iPhoneSimulator.Build.0 = Release|Any CPU
		{E0552043-BC04-476F-B938-C2883D71FB7B}.Release|iPhoneSimulator.Deploy.0 = Release|Any CPU
		{07294608-7F36-4D5D-A427-659F2C108C1D}.Ad-Hoc|Any CPU.ActiveCfg = Release|Any CPU
		{07294608-7F36-4D5D-A427-659F2C108C1D}.Ad-Hoc|Any CPU.Build.0 = Release|Any CPU
		{07294608-7F36-4D5D-A427-659F2C108C1D}.Ad-Hoc|Any CPU.Deploy.0 = Release|Any CPU
		{07294608-7F36-4D5D-A427-659F2C108C1D}.Ad-Hoc|iPhone.ActiveCfg = Release|Any CPU
		{07294608-7F36-4D5D-A427-659F2C108C1D}.Ad-Hoc|iPhone.Build.0 = Release|Any CPU
		{07294608-7F36-4D5D-A427-659F2C108C1D}.Ad-Hoc|iPhone.Deploy.0 = Release|Any CPU
		{07294608-7F36-4D5D-A427-659F2C108C1D}.Ad-Hoc|iPhoneSimulator.ActiveCfg = Release|Any CPU
		{07294608-7F36-4D5D-A427-659F2C108C1D}.Ad-Hoc|iPhoneSimulator.Build.0 = Release|Any CPU
		{07294608-7F36-4D5D-A427-659F2C108C1D}.Ad-Hoc|iPhoneSimulator.Deploy.0 = Release|Any CPU
		{07294608-7F36-4D5D-A427-659F2C108C1D}.AppStore|Any CPU.ActiveCfg = Release|Any CPU
		{07294608-7F36-4D5D-A427-659F2C108C1D}.AppStore|Any CPU.Build.0 = Release|Any CPU
		{07294608-7F36-4D5D-A427-659F2C108C1D}.AppStore|Any CPU.Deploy.0 = Release|Any CPU
		{07294608-7F36-4D5D-A427-659F2C108C1D}.AppStore|iPhone.ActiveCfg = Release|Any CPU
		{07294608-7F36-4D5D-A427-659F2C108C1D}.AppStore|iPhone.Build.0 = Release|Any CPU
		{07294608-7F36-4D5D-A427-659F2C108C1D}.AppStore|iPhone.Deploy.0 = Release|Any CPU
		{07294608-7F36-4D5D-A427-659F2C108C1D}.AppStore|iPhoneSimulator.ActiveCfg = Release|Any CPU
		{07294608-7F36-4D5D-A427-659F2C108C1D}.AppStore|iPhoneSimulator.Build.0 = Release|Any CPU
		{07294608-7F36-4D5D-A427-659F2C108C1D}.AppStore|iPhoneSimulator.Deploy.0 = Release|Any CPU
		{07294608-7F36-4D5D-A427-659F2C108C1D}.Debug|Any CPU.ActiveCfg = Debug|Any CPU
		{07294608-7F36-4D5D-A427-659F2C108C1D}.Debug|Any CPU.Build.0 = Debug|Any CPU
		{07294608-7F36-4D5D-A427-659F2C108C1D}.Debug|Any CPU.Deploy.0 = Debug|Any CPU
		{07294608-7F36-4D5D-A427-659F2C108C1D}.Debug|iPhone.ActiveCfg = Debug|Any CPU
		{07294608-7F36-4D5D-A427-659F2C108C1D}.Debug|iPhone.Build.0 = Debug|Any CPU
		{07294608-7F36-4D5D-A427-659F2C108C1D}.Debug|iPhone.Deploy.0 = Debug|Any CPU
		{07294608-7F36-4D5D-A427-659F2C108C1D}.Debug|iPhoneSimulator.ActiveCfg = Debug|Any CPU
		{07294608-7F36-4D5D-A427-659F2C108C1D}.Debug|iPhoneSimulator.Build.0 = Debug|Any CPU
		{07294608-7F36-4D5D-A427-659F2C108C1D}.Debug|iPhoneSimulator.Deploy.0 = Debug|Any CPU
		{07294608-7F36-4D5D-A427-659F2C108C1D}.Release|Any CPU.ActiveCfg = Release|Any CPU
		{07294608-7F36-4D5D-A427-659F2C108C1D}.Release|Any CPU.Build.0 = Release|Any CPU
		{07294608-7F36-4D5D-A427-659F2C108C1D}.Release|iPhone.ActiveCfg = Release|Any CPU
		{07294608-7F36-4D5D-A427-659F2C108C1D}.Release|iPhone.Build.0 = Release|Any CPU
		{07294608-7F36-4D5D-A427-659F2C108C1D}.Release|iPhone.Deploy.0 = Release|Any CPU
		{07294608-7F36-4D5D-A427-659F2C108C1D}.Release|iPhoneSimulator.ActiveCfg = Release|Any CPU
		{07294608-7F36-4D5D-A427-659F2C108C1D}.Release|iPhoneSimulator.Build.0 = Release|Any CPU
		{07294608-7F36-4D5D-A427-659F2C108C1D}.Release|iPhoneSimulator.Deploy.0 = Release|Any CPU
		{F290729F-72D5-462E-910F-DCBA74E42CC7}.Ad-Hoc|Any CPU.ActiveCfg = Ad-Hoc|iPhone
		{F290729F-72D5-462E-910F-DCBA74E42CC7}.Ad-Hoc|iPhone.ActiveCfg = Ad-Hoc|iPhone
		{F290729F-72D5-462E-910F-DCBA74E42CC7}.Ad-Hoc|iPhone.Build.0 = Ad-Hoc|iPhone
		{F290729F-72D5-462E-910F-DCBA74E42CC7}.Ad-Hoc|iPhoneSimulator.ActiveCfg = Ad-Hoc|iPhoneSimulator
		{F290729F-72D5-462E-910F-DCBA74E42CC7}.Ad-Hoc|iPhoneSimulator.Build.0 = Ad-Hoc|iPhoneSimulator
		{F290729F-72D5-462E-910F-DCBA74E42CC7}.AppStore|Any CPU.ActiveCfg = AppStore|iPhone
		{F290729F-72D5-462E-910F-DCBA74E42CC7}.AppStore|iPhone.ActiveCfg = AppStore|iPhone
		{F290729F-72D5-462E-910F-DCBA74E42CC7}.AppStore|iPhone.Build.0 = AppStore|iPhone
		{F290729F-72D5-462E-910F-DCBA74E42CC7}.AppStore|iPhoneSimulator.ActiveCfg = AppStore|iPhoneSimulator
		{F290729F-72D5-462E-910F-DCBA74E42CC7}.AppStore|iPhoneSimulator.Build.0 = AppStore|iPhoneSimulator
		{F290729F-72D5-462E-910F-DCBA74E42CC7}.Debug|Any CPU.ActiveCfg = Debug|iPhone
		{F290729F-72D5-462E-910F-DCBA74E42CC7}.Debug|iPhone.ActiveCfg = Debug|iPhone
		{F290729F-72D5-462E-910F-DCBA74E42CC7}.Debug|iPhone.Build.0 = Debug|iPhone
		{F290729F-72D5-462E-910F-DCBA74E42CC7}.Debug|iPhoneSimulator.ActiveCfg = Debug|iPhoneSimulator
		{F290729F-72D5-462E-910F-DCBA74E42CC7}.Debug|iPhoneSimulator.Build.0 = Debug|iPhoneSimulator
		{F290729F-72D5-462E-910F-DCBA74E42CC7}.Release|Any CPU.ActiveCfg = Release|iPhone
		{F290729F-72D5-462E-910F-DCBA74E42CC7}.Release|iPhone.ActiveCfg = Release|iPhone
		{F290729F-72D5-462E-910F-DCBA74E42CC7}.Release|iPhone.Build.0 = Release|iPhone
		{F290729F-72D5-462E-910F-DCBA74E42CC7}.Release|iPhoneSimulator.ActiveCfg = Release|iPhoneSimulator
		{F290729F-72D5-462E-910F-DCBA74E42CC7}.Release|iPhoneSimulator.Build.0 = Release|iPhoneSimulator
		{B08A98EA-3E3F-4BAC-B47D-92A963999850}.Ad-Hoc|Any CPU.ActiveCfg = Release|Any CPU
		{B08A98EA-3E3F-4BAC-B47D-92A963999850}.Ad-Hoc|Any CPU.Build.0 = Release|Any CPU
		{B08A98EA-3E3F-4BAC-B47D-92A963999850}.Ad-Hoc|iPhone.ActiveCfg = Release|Any CPU
		{B08A98EA-3E3F-4BAC-B47D-92A963999850}.Ad-Hoc|iPhone.Build.0 = Release|Any CPU
		{B08A98EA-3E3F-4BAC-B47D-92A963999850}.Ad-Hoc|iPhoneSimulator.ActiveCfg = Release|Any CPU
		{B08A98EA-3E3F-4BAC-B47D-92A963999850}.Ad-Hoc|iPhoneSimulator.Build.0 = Release|Any CPU
		{B08A98EA-3E3F-4BAC-B47D-92A963999850}.AppStore|Any CPU.ActiveCfg = Release|Any CPU
		{B08A98EA-3E3F-4BAC-B47D-92A963999850}.AppStore|Any CPU.Build.0 = Release|Any CPU
		{B08A98EA-3E3F-4BAC-B47D-92A963999850}.AppStore|iPhone.ActiveCfg = Release|Any CPU
		{B08A98EA-3E3F-4BAC-B47D-92A963999850}.AppStore|iPhone.Build.0 = Release|Any CPU
		{B08A98EA-3E3F-4BAC-B47D-92A963999850}.AppStore|iPhoneSimulator.ActiveCfg = Release|Any CPU
		{B08A98EA-3E3F-4BAC-B47D-92A963999850}.AppStore|iPhoneSimulator.Build.0 = Release|Any CPU
		{B08A98EA-3E3F-4BAC-B47D-92A963999850}.Debug|Any CPU.ActiveCfg = Debug|Any CPU
		{B08A98EA-3E3F-4BAC-B47D-92A963999850}.Debug|Any CPU.Build.0 = Debug|Any CPU
		{B08A98EA-3E3F-4BAC-B47D-92A963999850}.Debug|iPhone.ActiveCfg = Debug|Any CPU
		{B08A98EA-3E3F-4BAC-B47D-92A963999850}.Debug|iPhone.Build.0 = Debug|Any CPU
		{B08A98EA-3E3F-4BAC-B47D-92A963999850}.Debug|iPhoneSimulator.ActiveCfg = Debug|Any CPU
		{B08A98EA-3E3F-4BAC-B47D-92A963999850}.Debug|iPhoneSimulator.Build.0 = Debug|Any CPU
		{B08A98EA-3E3F-4BAC-B47D-92A963999850}.Release|Any CPU.ActiveCfg = Release|Any CPU
		{B08A98EA-3E3F-4BAC-B47D-92A963999850}.Release|Any CPU.Build.0 = Release|Any CPU
		{B08A98EA-3E3F-4BAC-B47D-92A963999850}.Release|iPhone.ActiveCfg = Release|Any CPU
		{B08A98EA-3E3F-4BAC-B47D-92A963999850}.Release|iPhone.Build.0 = Release|Any CPU
		{B08A98EA-3E3F-4BAC-B47D-92A963999850}.Release|iPhoneSimulator.ActiveCfg = Release|Any CPU
		{B08A98EA-3E3F-4BAC-B47D-92A963999850}.Release|iPhoneSimulator.Build.0 = Release|Any CPU
	EndGlobalSection
	GlobalSection(SolutionProperties) = preSolution
		HideSolutionNode = FALSE
	EndGlobalSection
EndGlobal
